{
  "name": "ws-rmi-examples",
  "version": "1.0.0",
  "lockfileVersion": 2,
  "requires": true,
  "packages": {
    "": {
      "version": "1.0.0",
      "license": "ISC",
      "dependencies": {
        "coffeescript": "^2.5.1",
        "ws-rmi": "file:../ws-rmi"
      }
    },
    "../ws-rmi": {
      "version": "0.0.1",
      "hasInstallScript": true,
      "license": "MIT",
      "dependencies": {
        "browserify": "^17.0.0",
        "coffeescript": "^2.3.2",
        "elliptic": "^6.5.4",
        "http": "0.0.0",
        "https": "^1.0.0",
        "node-ipc": "^9.1.1",
        "process": "^0.11.10",
        "ws": "^6.1.3"
      }
    },
    "node_modules/coffeescript": {
      "version": "2.5.1",
      "resolved": "https://registry.npmjs.org/coffeescript/-/coffeescript-2.5.1.tgz",
      "integrity": "sha512-J2jRPX0eeFh5VKyVnoLrfVFgLZtnnmp96WQSLAS8OrLm2wtQLcnikYKe1gViJKDH7vucjuhHvBKKBP3rKcD1tQ==",
      "bin": {
        "cake": "bin/cake",
        "coffee": "bin/coffee"
      },
      "engines": {
        "node": ">=6"
      }
    },
    "node_modules/ws-rmi": {
      "resolved": "../ws-rmi",
      "link": true
    }
  },
  "dependencies": {
    "coffeescript": {
      "version": "2.5.1",
      "resolved": "https://registry.npmjs.org/coffeescript/-/coffeescript-2.5.1.tgz",
      "integrity": "sha512-J2jRPX0eeFh5VKyVnoLrfVFgLZtnnmp96WQSLAS8OrLm2wtQLcnikYKe1gViJKDH7vucjuhHvBKKBP3rKcD1tQ=="
    },
    "ws-rmi": {
      "version": "file:../ws-rmi",
      "requires": {
        "browserify": "^17.0.0",
        "coffeescript": "^2.3.2",
        "elliptic": "^6.5.4",
        "http": "0.0.0",
        "https": "^1.0.0",
        "node-ipc": "^9.1.1",
        "process": "^0.11.10",
        "ws": "^6.1.3"
      }
    }
  }
}
